
Microsoft Visual Studio Solution File, Format Version 12.00
# Visual Studio Version 17
VisualStudioVersion = 17.0.31903.59
MinimumVisualStudioVersion = 10.0.40219.1
Project("{2150E333-8FDC-42A3-9474-1A3956D46DE8}") = "src", "src", "{938F6C7F-C066-4438-90D3-7F0C3D62A76D}"
EndProject
Project("{FAE04EC0-301F-11D3-BF4B-00C04F79EFBC}") = "AvdpSmartFleet.Api", "src\AvdpSmartFleet.Api\AvdpSmartFleet.Api.csproj", "{96D796F1-2EC1-4AE0-9696-A56D9DB5123D}"
EndProject
Project("{FAE04EC0-301F-11D3-BF4B-00C04F79EFBC}") = "AvdpSmartFleet.DriverApp", "src\AvdpSmartFleet.DriverApp\AvdpSmartFleet.DriverApp.csproj", "{E1331E0D-A338-4B68-A4FF-6DEE2ED74972}"
EndProject
Global
	GlobalSection(SolutionConfigurationPlatforms) = preSolution
		Debug|Any CPU = Debug|Any CPU
		Release|Any CPU = Release|Any CPU
	EndGlobalSection
	GlobalSection(SolutionProperties) = preSolution
		HideSolutionNode = FALSE
	EndGlobalSection
	GlobalSection(ProjectConfigurationPlatforms) = postSolution
		{96D796F1-2EC1-4AE0-9696-A56D9DB5123D}.Debug|Any CPU.ActiveCfg = Debug|Any CPU
		{96D796F1-2EC1-4AE0-9696-A56D9DB5123D}.Debug|Any CPU.Build.0 = Debug|Any CPU
		{96D796F1-2EC1-4AE0-9696-A56D9DB5123D}.Release|Any CPU.ActiveCfg = Release|Any CPU
		{96D796F1-2EC1-4AE0-9696-A56D9DB5123D}.Release|Any CPU.Build.0 = Release|Any CPU
		{E1331E0D-A338-4B68-A4FF-6DEE2ED74972}.Debug|Any CPU.ActiveCfg = Debug|Any CPU
		{E1331E0D-A338-4B68-A4FF-6DEE2ED74972}.Debug|Any CPU.Build.0 = Debug|Any CPU
		{E1331E0D-A338-4B68-A4FF-6DEE2ED74972}.Release|Any CPU.ActiveCfg = Release|Any CPU
		{E1331E0D-A338-4B68-A4FF-6DEE2ED74972}.Release|Any CPU.Build.0 = Release|Any CPU
	EndGlobalSection
	GlobalSection(NestedProjects) = preSolution
		{96D796F1-2EC1-4AE0-9696-A56D9DB5123D} = {938F6C7F-C066-4438-90D3-7F0C3D62A76D}
		{E1331E0D-A338-4B68-A4FF-6DEE2ED74972} = {938F6C7F-C066-4438-90D3-7F0C3D62A76D}
	EndGlobalSection
EndGlobal
